// !$*UTF8*$!
{
	archiveVersion = 1;
	classes = {
	};
	objectVersion = 46;
	objects = {

/* Begin PBXBuildFile section */
		4C030A5B1BE327A4005646E8 /* AppDelegate.m in Sources */ = {isa = PBXBuildFile; fileRef = 4C030A5A1BE327A4005646E8 /* AppDelegate.m */; };
		4C030A5E1BE327A4005646E8 /* main.m in Sources */ = {isa = PBXBuildFile; fileRef = 4C030A5D1BE327A4005646E8 /* main.m */; };
		4C030A611BE327A4005646E8 /* ViewController.m in Sources */ = {isa = PBXBuildFile; fileRef = 4C030A601BE327A4005646E8 /* ViewController.m */; };
		4C030A631BE327A4005646E8 /* Assets.xcassets in Resources */ = {isa = PBXBuildFile; fileRef = 4C030A621BE327A4005646E8 /* Assets.xcassets */; };
		4C030A661BE327A4005646E8 /* Main.storyboard in Resources */ = {isa = PBXBuildFile; fileRef = 4C030A641BE327A4005646E8 /* Main.storyboard */; };
		4C030A711BE327A4005646E8 /* FirstMacAppTests.m in Sources */ = {isa = PBXBuildFile; fileRef = 4C030A701BE327A4005646E8 /* FirstMacAppTests.m */; };
		4C030A7C1BE327A4005646E8 /* FirstMacAppUITests.m in Sources */ = {isa = PBXBuildFile; fileRef = 4C030A7B1BE327A4005646E8 /* FirstMacAppUITests.m */; };
/* End PBXBuildFile section */

/* Begin PBXContainerItemProxy section */
		4C030A6D1BE327A4005646E8 /* PBXContainerItemProxy */ = {
			isa = PBXContainerItemProxy;
			containerPortal = 4C030A4E1BE327A4005646E8 /* Project object */;
			proxyType = 1;
			remoteGlobalIDString = 4C030A551BE327A4005646E8;
			remoteInfo = FirstMacApp;
		};
		4C030A781BE327A4005646E8 /* PBXContainerItemProxy */ = {
			isa = PBXContainerItemProxy;
			containerPortal = 4C030A4E1BE327A4005646E8 /* Project object */;
			proxyType = 1;
			remoteGlobalIDString = 4C030A551BE327A4005646E8;
			remoteInfo = FirstMacApp;
		};
/* End PBXContainerItemProxy section */

/* Begin PBXFileReference section */
		4C030A561BE327A4005646E8 /* FirstMacApp.app */ = {isa = PBXFileReference; explicitFileType = wrapper.application; includeInIndex = 0; path = FirstMacApp.app; sourceTree = BUILT_PRODUCTS_DIR; };
		4C030A591BE327A4005646E8 /* AppDelegate.h */ = {isa = PBXFileReference; lastKnownFileType = sourcecode.c.h; path = AppDelegate.h; sourceTree = "<group>"; };
		4C030A5A1BE327A4005646E8 /* AppDelegate.m */ = {isa = PBXFileReference; lastKnownFileType = sourcecode.c.objc; path = AppDelegate.m; sourceTree = "<group>"; };
		4C030A5D1BE327A4005646E8 /* main.m */ = {isa = PBXFileReference; lastKnownFileType = sourcecode.c.objc; path = main.m; sourceTree = "<group>"; };
		4C030A5F1BE327A4005646E8 /* ViewController.h */ = {isa = PBXFileReference; lastKnownFileType = sourcecode.c.h; path = ViewController.h; sourceTree = "<group>"; };
		4C030A601BE327A4005646E8 /* ViewController.m */ = {isa = PBXFileReference; lastKnownFileType = sourcecode.c.objc; path = ViewController.m; sourceTree = "<group>"; };
		4C030A621BE327A4005646E8 /* Assets.xcassets */ = {isa = PBXFileReference; lastKnownFileType = folder.assetcatalog; path = Assets.xcassets; sourceTree = "<group>"; };
		4C030A651BE327A4005646E8 /* Base */ = {isa = PBXFileReference; lastKnownFileType = file.storyboard; name = Base; path = Base.lproj/Main.storyboard; sourceTree = "<group>"; };
		4C030A671BE327A4005646E8 /* Info.plist */ = {isa = PBXFileReference; lastKnownFileType = text.plist.xml; path = Info.plist; sourceTree = "<group>"; };
		4C030A6C1BE327A4005646E8 /* FirstMacAppTests.xctest */ = {isa = PBXFileReference; explicitFileType = wrapper.cfbundle; includeInIndex = 0; path = FirstMacAppTests.xctest; sourceTree = BUILT_PRODUCTS_DIR; };
		4C030A701BE327A4005646E8 /* FirstMacAppTests.m */ = {isa = PBXFileReference; lastKnownFileType = sourcecode.c.objc; path = FirstMacAppTests.m; sourceTree = "<group>"; };
		4C030A721BE327A4005646E8 /* Info.plist */ = {isa = PBXFileReference; lastKnownFileType = text.plist.xml; path = Info.plist; sourceTree = "<group>"; };
		4C030A771BE327A4005646E8 /* FirstMacAppUITests.xctest */ = {isa = PBXFileReference; explicitFileType = wrapper.cfbundle; includeInIndex = 0; path = FirstMacAppUITests.xctest; sourceTree = BUILT_PRODUCTS_DIR; };
		4C030A7B1BE327A4005646E8 /* FirstMacAppUITests.m */ = {isa = PBXFileReference; lastKnownFileType = sourcecode.c.objc; path = FirstMacAppUITests.m; sourceTree = "<group>"; };
		4C030A7D1BE327A4005646E8 /* Info.plist */ = {isa = PBXFileReference; lastKnownFileType = text.plist.xml; path = Info.plist; sourceTree = "<group>"; };
/* End PBXFileReference section */

/* Begin PBXFrameworksBuildPhase section */
		4C030A531BE327A4005646E8 /* Frameworks */ = {
			isa = PBXFrameworksBuildPhase;
			buildActionMask = 2147483647;
			files = (
			);
			runOnlyForDeploymentPostprocessing = 0;
		};
		4C030A691BE327A4005646E8 /* Frameworks */ = {
			isa = PBXFrameworksBuildPhase;
			buildActionMask = 2147483647;
			files = (
			);
			runOnlyForDeploymentPostprocessing = 0;
		};
		4C030A741BE327A4005646E8 /* Frameworks */ = {
			isa = PBXFrameworksBuildPhase;
			buildActionMask = 2147483647;
			files = (
			);
			runOnlyForDeploymentPostprocessing = 0;
		};
/* End PBXFrameworksBuildPhase section */

/* Begin PBXGroup section */
		4C030A4D1BE327A4005646E8 = {
			isa = PBXGroup;
			children = (
				4C030A581BE327A4005646E8 /* FirstMacApp */,
				4C030A6F1BE327A4005646E8 /* FirstMacAppTests */,
				4C030A7A1BE327A4005646E8 /* FirstMacAppUITests */,
				4C030A571BE327A4005646E8 /* Products */,
			);
			sourceTree = "<group>";
		};
		4C030A571BE327A4005646E8 /* Products */ = {
			isa = PBXGroup;
			children = (
				4C030A561BE327A4005646E8 /* FirstMacApp.app */,
				4C030A6C1BE327A4005646E8 /* FirstMacAppTests.xctest */,
				4C030A771BE327A4005646E8 /* FirstMacAppUITests.xctest */,
			);
			name = Products;
			sourceTree = "<group>";
		};
		4C030A581BE327A4005646E8 /* FirstMacApp */ = {
			isa = PBXGroup;
			children = (
				4C030A591BE327A4005646E8 /* AppDelegate.h */,
				4C030A5A1BE327A4005646E8 /* AppDelegate.m */,
				4C030A5F1BE327A4005646E8 /* ViewController.h */,
				4C030A601BE327A4005646E8 /* ViewController.m */,
				4C030A621BE327A4005646E8 /* Assets.xcassets */,
				4C030A641BE327A4005646E8 /* Main.storyboard */,
				4C030A671BE327A4005646E8 /* Info.plist */,
				4C030A5C1BE327A4005646E8 /* Supporting Files */,
			);
			path = FirstMacApp;
			sourceTree = "<group>";
		};
		4C030A5C1BE327A4005646E8 /* Supporting Files */ = {
			isa = PBXGroup;
			children = (
				4C030A5D1BE327A4005646E8 /* main.m */,
			);
			name = "Supporting Files";
			sourceTree = "<group>";
		};
		4C030A6F1BE327A4005646E8 /* FirstMacAppTests */ = {
			isa = PBXGroup;
			children = (
				4C030A701BE327A4005646E8 /* FirstMacAppTests.m */,
				4C030A721BE327A4005646E8 /* Info.plist */,
			);
			path = FirstMacAppTests;
			sourceTree = "<group>";
		};
		4C030A7A1BE327A4005646E8 /* FirstMacAppUITests */ = {
			isa = PBXGroup;
			children = (
				4C030A7B1BE327A4005646E8 /* FirstMacAppUITests.m */,
				4C030A7D1BE327A4005646E8 /* Info.plist */,
			);
			path = FirstMacAppUITests;
			sourceTree = "<group>";
		};
/* End PBXGroup section */

/* Begin PBXNativeTarget section */
		4C030A551BE327A4005646E8 /* FirstMacApp */ = {
			isa = PBXNativeTarget;
			buildConfigurationList = 4C030A801BE327A4005646E8 /* Build configuration list for PBXNativeTarget "FirstMacApp" */;
			buildPhases = (
				4C030A521BE327A4005646E8 /* Sources */,
				4C030A531BE327A4005646E8 /* Frameworks */,
				4C030A541BE327A4005646E8 /* Resources */,
			);
			buildRules = (
			);
			dependencies = (
			);
			name = FirstMacApp;
			productName = FirstMacApp;
			productReference = 4C030A561BE327A4005646E8 /* FirstMacApp.app */;
			productType = "com.apple.product-type.application";
		};
		4C030A6B1BE327A4005646E8 /* FirstMacAppTests */ = {
			isa = PBXNativeTarget;
			buildConfigurationList = 4C030A831BE327A4005646E8 /* Build configuration list for PBXNativeTarget "FirstMacAppTests" */;
			buildPhases = (
				4C030A681BE327A4005646E8 /* Sources */,
				4C030A691BE327A4005646E8 /* Frameworks */,
				4C030A6A1BE327A4005646E8 /* Resources */,
			);
			buildRules = (
			);
			dependencies = (
				4C030A6E1BE327A4005646E8 /* PBXTargetDependency */,
			);
			name = FirstMacAppTests;
			productName = FirstMacAppTests;
			productReference = 4C030A6C1BE327A4005646E8 /* FirstMacAppTests.xctest */;
			productType = "com.apple.product-type.bundle.unit-test";
		};
		4C030A761BE327A4005646E8 /* FirstMacAppUITests */ = {
			isa = PBXNativeTarget;
			buildConfigurationList = 4C030A861BE327A4005646E8 /* Build configuration list for PBXNativeTarget "FirstMacAppUITests" */;
			buildPhases = (
				4C030A731BE327A4005646E8 /* Sources */,
				4C030A741BE327A4005646E8 /* Frameworks */,
				4C030A751BE327A4005646E8 /* Resources */,
			);
			buildRules = (
			);
			dependencies = (
				4C030A791BE327A4005646E8 /* PBXTargetDependency */,
			);
			name = FirstMacAppUITests;
			productName = FirstMacAppUITests;
			productReference = 4C030A771BE327A4005646E8 /* FirstMacAppUITests.xctest */;
			productType = "com.apple.product-type.bundle.ui-testing";
		};
/* End PBXNativeTarget section */

/* Begin PBXProject section */
		4C030A4E1BE327A4005646E8 /* Project object */ = {
			isa = PBXProject;
			attributes = {
				LastUpgradeCheck = 0710;
				ORGANIZATIONNAME = "Nikhil Paranjape";
				TargetAttributes = {
					4C030A551BE327A4005646E8 = {
						CreatedOnToolsVersion = 7.1;
					};
					4C030A6B1BE327A4005646E8 = {
						CreatedOnToolsVersion = 7.1;
						TestTargetID = 4C030A551BE327A4005646E8;
					};
					4C030A761BE327A4005646E8 = {
						CreatedOnToolsVersion = 7.1;
						TestTargetID = 4C030A551BE327A4005646E8;
					};
				};
			};
			buildConfigurationList = 4C030A511BE327A4005646E8 /* Build configuration list for PBXProject "FirstMacApp" */;
			compatibilityVersion = "Xcode 3.2";
			developmentRegion = English;
			hasScannedForEncodings = 0;
			knownRegions = (
				en,
				Base,
			);
			mainGroup = 4C030A4D1BE327A4005646E8;
			productRefGroup = 4C030A571BE327A4005646E8 /* Products */;
			projectDirPath = "";
			projectRoot = "";
			targets = (
				4C030A551BE327A4005646E8 /* FirstMacApp */,
				4C030A6B1BE327A4005646E8 /* FirstMacAppTests */,
				4C030A761BE327A4005646E8 /* FirstMacAppUITests */,
			);
		};
/* End PBXProject section */

/* Begin PBXResourcesBuildPhase section */
		4C030A541BE327A4005646E8 /* Resources */ = {
			isa = PBXResourcesBuildPhase;
			buildActionMask = 2147483647;
			files = (
				4C030A631BE327A4005646E8 /* Assets.xcassets in Resources */,
				4C030A661BE327A4005646E8 /* Main.storyboard in Resources */,
			);
			runOnlyForDeploymentPostprocessing = 0;
		};
		4C030A6A1BE327A4005646E8 /* Resources */ = {
			isa = PBXResourcesBuildPhase;
			buildActionMask = 2147483647;
			files = (
			);
			runOnlyForDeploymentPostprocessing = 0;
		};
		4C030A751BE327A4005646E8 /* Resources */ = {
			isa = PBXResourcesBuildPhase;
			buildActionMask = 2147483647;
			files = (
			);
			runOnlyForDeploymentPostprocessing = 0;
		};
/* End PBXResourcesBuildPhase section */

/* Begin PBXSourcesBuildPhase section */
		4C030A521BE327A4005646E8 /* Sources */ = {
			isa = PBXSourcesBuildPhase;
			buildActionMask = 2147483647;
			files = (
				4C030A611BE327A4005646E8 /* ViewController.m in Sources */,
				4C030A5E1BE327A4005646E8 /* main.m in Sources */,
				4C030A5B1BE327A4005646E8 /* AppDelegate.m in Sources */,
			);
			runOnlyForDeploymentPostprocessing = 0;
		};
		4C030A681BE327A4005646E8 /* Sources */ = {
			isa = PBXSourcesBuildPhase;
			buildActionMask = 2147483647;
			files = (
				4C030A711BE327A4005646E8 /* FirstMacAppTests.m in Sources */,
			);
			runOnlyForDeploymentPostprocessing = 0;
		};
		4C030A731BE327A4005646E8 /* Sources */ = {
			isa = PBXSourcesBuildPhase;
			buildActionMask = 2147483647;
			files = (
				4C030A7C1BE327A4005646E8 /* FirstMacAppUITests.m in Sources */,
			);
			runOnlyForDeploymentPostprocessing = 0;
		};
/* End PBXSourcesBuildPhase section */

/* Begin PBXTargetDependency section */
		4C030A6E1BE327A4005646E8 /* PBXTargetDependency */ = {
			isa = PBXTargetDependency;
			target = 4C030A551BE327A4005646E8 /* FirstMacApp */;
			targetProxy = 4C030A6D1BE327A4005646E8 /* PBXContainerItemProxy */;
		};
		4C030A791BE327A4005646E8 /* PBXTargetDependency */ = {
			isa = PBXTargetDependency;
			target = 4C030A551BE327A4005646E8 /* FirstMacApp */;
			targetProxy = 4C030A781BE327A4005646E8 /* PBXContainerItemProxy */;
		};
/* End PBXTargetDependency section */

/* Begin PBXVariantGroup section */
		4C030A641BE327A4005646E8 /* Main.storyboard */ = {
			isa = PBXVariantGroup;
			children = (
				4C030A651BE327A4005646E8 /* Base */,
			);
			name = Main.storyboard;
			sourceTree = "<group>";
		};
/* End PBXVariantGroup section */

/* Begin XCBuildConfiguration section */
		4C030A7E1BE327A4005646E8 /* Debug */ = {
			isa = XCBuildConfiguration;
			buildSettings = {
				ALWAYS_SEARCH_USER_PATHS = NO;
				CLANG_CXX_LANGUAGE_STANDARD = "gnu++0x";
				CLANG_CXX_LIBRARY = "libc++";
				CLANG_ENABLE_MODULES = YES;
				CLANG_ENABLE_OBJC_ARC = YES;
				CLANG_WARN_BOOL_CONVERSION = YES;
				CLANG_WARN_CONSTANT_CONVERSION = YES;
				CLANG_WARN_DIRECT_OBJC_ISA_USAGE = YES_ERROR;
				CLANG_WARN_EMPTY_BODY = YES;
				CLANG_WARN_ENUM_CONVERSION = YES;
				CLANG_WARN_INT_CONVERSION = YES;
				CLANG_WARN_OBJC_ROOT_CLASS = YES_ERROR;
				CLANG_WARN_UNREACHABLE_CODE = YES;
				CLANG_WARN__DUPLICATE_METHOD_MATCH = YES;
				CODE_SIGN_IDENTITY = "-";
				COPY_PHASE_STRIP = NO;
				DEBUG_INFORMATION_FORMAT = dwarf;
				ENABLE_STRICT_OBJC_MSGSEND = YES;
				ENABLE_TESTABILITY = YES;
				GCC_C_LANGUAGE_STANDARD = gnu99;
				GCC_DYNAMIC_NO_PIC = NO;
				GCC_NO_COMMON_BLOCKS = YES;
				GCC_OPTIMIZATION_LEVEL = 0;
				GCC_PREPROCESSOR_DEFINITIONS = (
					"DEBUG=1",
					"$(inherited)",
				);
				GCC_WARN_64_TO_32_BIT_CONVERSION = YES;
				GCC_WARN_ABOUT_RETURN_TYPE = YES_ERROR;
				GCC_WARN_UNDECLARED_SELECTOR = YES;
				GCC_WARN_UNINITIALIZED_AUTOS = YES_AGGRESSIVE;
				GCC_WARN_UNUSED_FUNCTION = YES;
				GCC_WARN_UNUSED_VARIABLE = YES;
				MACOSX_DEPLOYMENT_TARGET = 10.10;
				MTL_ENABLE_DEBUG_INFO = YES;
				ONLY_ACTIVE_ARCH = YES;
				SDKROOT = macosx;
			};
			name = Debug;
		};
		4C030A7F1BE327A4005646E8 /* Release */ = {
			isa = XCBuildConfiguration;
			buildSettings = {
				ALWAYS_SEARCH_USER_PATHS = NO;
				CLANG_CXX_LANGUAGE_STANDARD = "gnu++0x";
				CLANG_CXX_LIBRARY = "libc++";
				CLANG_ENABLE_MODULES = YES;
				CLANG_ENABLE_OBJC_ARC = YES;
				CLANG_WARN_BOOL_CONVERSION = YES;
				CLANG_WARN_CONSTANT_CONVERSION = YES;
				CLANG_WARN_DIRECT_OBJC_ISA_USAGE = YES_ERROR;
				CLANG_WARN_EMPTY_BODY = YES;
				CLANG_WARN_ENUM_CONVERSION = YES;
				CLANG_WARN_INT_CONVERSION = YES;
				CLANG_WARN_OBJC_ROOT_CLASS = YES_ERROR;
				CLANG_WARN_UNREACHABLE_CODE = YES;
				CLANG_WARN__DUPLICATE_METHOD_MATCH = YES;
				CODE_SIGN_IDENTITY = "-";
				COPY_PHASE_STRIP = NO;
				DEBUG_INFORMATION_FORMAT = "dwarf-with-dsym";
				ENABLE_NS_ASSERTIONS = NO;
				ENABLE_STRICT_OBJC_MSGSEND = YES;
				GCC_C_LANGUAGE_STANDARD = gnu99;
				GCC_NO_COMMON_BLOCKS = YES;
				GCC_WARN_64_TO_32_BIT_CONVERSION = YES;
				GCC_WARN_ABOUT_RETURN_TYPE = YES_ERROR;
				GCC_WARN_UNDECLARED_SELECTOR = YES;
				GCC_WARN_UNINITIALIZED_AUTOS = YES_AGGRESSIVE;
				GCC_WARN_UNUSED_FUNCTION = YES;
				GCC_WARN_UNUSED_VARIABLE = YES;
				MACOSX_DEPLOYMENT_TARGET = 10.10;
				MTL_ENABLE_DEBUG_INFO = NO;
				SDKROOT = macosx;
			};
			name = Release;
		};
		4C030A811BE327A4005646E8 /* Debug */ = {
			isa = XCBuildConfiguration;
			buildSettings = {
				ASSETCATALOG_COMPILER_APPICON_NAME = AppIcon;
				COMBINE_HIDPI_IMAGES = YES;
				INFOPLIST_FILE = FirstMacApp/Info.plist;
				LD_RUNPATH_SEARCH_PATHS = "$(inherited) @executable_path/../Frameworks";
				PRODUCT_BUNDLE_IDENTIFIER = com.nikhilparanjape.FirstMacApp;
				PRODUCT_NAME = "$(TARGET_NAME)";
			};
			name = Debug;
		};
		4C030A821BE327A4005646E8 /* Release */ = {
			isa = XCBuildConfiguration;
			buildSettings = {
				ASSETCATALOG_COMPILER_APPICON_NAME = AppIcon;
				COMBINE_HIDPI_IMAGES = YES;
				INFOPLIST_FILE = FirstMacApp/Info.plist;
				LD_RUNPATH_SEARCH_PATHS = "$(inherited) @executable_path/../Frameworks";
				PRODUCT_BUNDLE_IDENTIFIER = com.nikhilparanjape.FirstMacApp;
				PRODUCT_NAME = "$(TARGET_NAME)";
			};
			name = Release;
		};
		4C030A841BE327A4005646E8 /* Debug */ = {
			isa = XCBuildConfiguration;
			buildSettings = {
				BUNDLE_LOADER = "$(TEST_HOST)";
				COMBINE_HIDPI_IMAGES = YES;
				INFOPLIST_FILE = FirstMacAppTests/Info.plist;
				LD_RUNPATH_SEARCH_PATHS = "$(inherited) @executable_path/../Frameworks @loader_path/../Frameworks";
				PRODUCT_BUNDLE_IDENTIFIER = com.nikhilparanjape.FirstMacAppTests;
				PRODUCT_NAME = "$(TARGET_NAME)";
				TEST_HOST = "$(BUILT_PRODUCTS_DIR)/FirstMacApp.app/Contents/MacOS/FirstMacApp";
			};
			name = Debug;
		};
		4C030A851BE327A4005646E8 /* Release */ = {
			isa = XCBuildConfiguration;
			buildSettings = {
				BUNDLE_LOADER = "$(TEST_HOST)";
				COMBINE_HIDPI_IMAGES = YES;
				INFOPLIST_FILE = FirstMacAppTests/Info.plist;
				LD_RUNPATH_SEARCH_PATHS = "$(inherited) @executable_path/../Frameworks @loader_path/../Frameworks";
				PRODUCT_BUNDLE_IDENTIFIER = com.nikhilparanjape.FirstMacAppTests;
				PRODUCT_NAME = "$(TARGET_NAME)";
				TEST_HOST = "$(BUILT_PRODUCTS_DIR)/FirstMacApp.app/Contents/MacOS/FirstMacApp";
			};
			name = Release;
		};
		4C030A871BE327A4005646E8 /* Debug */ = {
			isa = XCBuildConfiguration;
			buildSettings = {
				COMBINE_HIDPI_IMAGES = YES;
				INFOPLIST_FILE = FirstMacAppUITests/Info.plist;
				LD_RUNPATH_SEARCH_PATHS = "$(inherited) @executable_path/../Frameworks @loader_path/../Frameworks";
				PRODUCT_BUNDLE_IDENTIFIER = com.nikhilparanjape.FirstMacAppUITests;
				PRODUCT_NAME = "$(TARGET_NAME)";
				TEST_TARGET_NAME = FirstMacApp;
				USES_XCTRUNNER = YES;
			};
			name = Debug;
		};
		4C030A881BE327A4005646E8 /* Release */ = {
			isa = XCBuildConfiguration;
			buildSettings = {
				COMBINE_HIDPI_IMAGES = YES;
				INFOPLIST_FILE = FirstMacAppUITests/Info.plist;
				LD_RUNPATH_SEARCH_PATHS = "$(inherited) @executable_path/../Frameworks @loader_path/../Frameworks";
				PRODUCT_BUNDLE_IDENTIFIER = com.nikhilparanjape.FirstMacAppUITests;
				PRODUCT_NAME = "$(TARGET_NAME)";
				TEST_TARGET_NAME = FirstMacApp;
				USES_XCTRUNNER = YES;
			};
			name = Release;
		};
/* End XCBuildConfiguration section */

/* Begin XCConfigurationList section */
		4C030A511BE327A4005646E8 /* Build configuration list for PBXProject "FirstMacApp" */ = {
			isa = XCConfigurationList;
			buildConfigurations = (
				4C030A7E1BE327A4005646E8 /* Debug */,
				4C030A7F1BE327A4005646E8 /* Release */,
			);
			defaultConfigurationIsVisible = 0;
			defaultConfigurationName = Release;
		};
		4C030A801BE327A4005646E8 /* Build configuration list for PBXNativeTarget "FirstMacApp" */ = {
			isa = XCConfigurationList;
			buildConfigurations = (
				4C030A811BE327A4005646E8 /* Debug */,
				4C030A821BE327A4005646E8 /* Release */,
			);
			defaultConfigurationIsVisible = 0;
		};
		4C030A831BE327A4005646E8 /* Build configuration list for PBXNativeTarget "FirstMacAppTests" */ = {
			isa = XCConfigurationList;
			buildConfigurations = (
				4C030A841BE327A4005646E8 /* Debug */,
				4C030A851BE327A4005646E8 /* Release */,
			);
			defaultConfigurationIsVisible = 0;
		};
		4C030A861BE327A4005646E8 /* Build configuration list for PBXNativeTarget "FirstMacAppUITests" */ = {
			isa = XCConfigurationList;
			buildConfigurations = (
				4C030A871BE327A4005646E8 /* Debug */,
				4C030A881BE327A4005646E8 /* Release */,
			);
			defaultConfigurationIsVisible = 0;
		};
/* End XCConfigurationList section */
	};
	rootObject = 4C030A4E1BE327A4005646E8 /* Project object */;
}
